
Microsoft Visual Studio Solution File, Format Version 12.00
# Visual Studio Version 17
VisualStudioVersion = 17.11.35219.272
MinimumVisualStudioVersion = 10.0.40219.1
Project("{9A19103F-16F7-4668-BE54-9A1E7A4F7556}") = "OpenDis", "OpenDis.csproj", "{ABA5A43D-B99B-4478-A57F-49435138B2D7}"
EndProject
Global
	GlobalSection(SolutionConfigurationPlatforms) = preSolution
		Debug|Any CPU = Debug|Any CPU
		Release|Any CPU = Release|Any CPU
	EndGlobalSection
	GlobalSection(ProjectConfigurationPlatforms) = postSolution
		{ABA5A43D-B99B-4478-A57F-49435138B2D7}.Debug|Any CPU.ActiveCfg = Debug|Any CPU
		{ABA5A43D-B99B-4478-A57F-49435138B2D7}.Debug|Any CPU.Build.0 = Debug|Any CPU
		{ABA5A43D-B99B-4478-A57F-49435138B2D7}.Release|Any CPU.ActiveCfg = Release|Any CPU
		{ABA5A43D-B99B-4478-A57F-49435138B2D7}.Release|Any CPU.Build.0 = Release|Any CPU
	EndGlobalSection
	GlobalSection(SolutionProperties) = preSolution
		HideSolutionNode = FALSE
	EndGlobalSection
	GlobalSection(ExtensibilityGlobals) = postSolution
		SolutionGuid = {2E3EA5F6-E73F-4975-B0E7-92CFC0191568}
	EndGlobalSection
EndGlobal
